
Microsoft Visual Studio Solution File, Format Version 12.00
# Visual Studio 15
VisualStudioVersion = 15.0.27130.2020
MinimumVisualStudioVersion = 10.0.40219.1
Project("{9A19103F-16F7-4668-BE54-9A1E7A4F7556}") = "CreateCassandraDBFromCode", "CreateCassandraDBFromCode\CreateCassandraDBFromCode.csproj", "{4B8EE120-8A97-4315-9891-C5DDED4E4926}"
EndProject
Project("{9A19103F-16F7-4668-BE54-9A1E7A4F7556}") = "CassandraDBtoCSharp", "CassandraDBtoCSharp\CassandraDBtoCSharp.csproj", "{2EE918DF-ACF5-4B42-B2D1-194FE952D541}"
EndProject
Project("{9A19103F-16F7-4668-BE54-9A1E7A4F7556}") = "GenerateSwaggerStandardOperations", "GenerateSwaggerStandardOperations\GenerateSwaggerStandardOperations.csproj", "{8AD1579F-7076-4134-AC31-12A31B484964}"
EndProject
Project("{9A19103F-16F7-4668-BE54-9A1E7A4F7556}") = "GenerateTypes2SwaggerCall", "GenerateTypes2SwaggerCall\GenerateTypes2SwaggerCall.csproj", "{9805A2DB-7514-468E-8745-C25CB21716BA}"
EndProject
Project("{9A19103F-16F7-4668-BE54-9A1E7A4F7556}") = "Utilities", "Utilities\Utilities.csproj", "{331F76F5-9F14-4A25-9E6E-C410E6510199}"
EndProject
Project("{9A19103F-16F7-4668-BE54-9A1E7A4F7556}") = "CreateControllerFromSwaggerWithStandardOperations", "CreateControllerFromSwaggerWithStandardOperations\CreateControllerFromSwaggerWithStandardOperations.csproj", "{884999B3-7583-4B11-929D-E0A89D672F16}"
EndProject
Project("{2150E333-8FDC-42A3-9474-1A3956D46DE8}") = "Solution Items", "Solution Items", "{B8BBE2F7-2CAB-4C8D-9037-98D625C4CE38}"
	ProjectSection(SolutionItems) = preProject
		CreateAspNetFromCassandraDB.cmd = CreateAspNetFromCassandraDB.cmd
		CreateToolsFolder.cmd = CreateToolsFolder.cmd
		LICENSE = LICENSE
		README.md = README.md
	EndProjectSection
EndProject
Project("{9A19103F-16F7-4668-BE54-9A1E7A4F7556}") = "SplitSwaggerByEntity", "SplitSwaggerByEntity\SplitSwaggerByEntity.csproj", "{E1C1E628-1E1E-45D7-B204-E41DE8962BAA}"
EndProject
Project("{F5034706-568F-408A-B7B3-4D38C6DB8A32}") = "PowershellScripts", "PowershellScripts\PowershellScripts.pssproj", "{6CAFC0C6-A428-4D30-A9F9-700E829FEA51}"
EndProject
Project("{9A19103F-16F7-4668-BE54-9A1E7A4F7556}") = "ListTypesWithCustomAttribute", "ListTypesRelatedToCassandraTables\ListTypesWithCustomAttribute.csproj", "{AC6644CB-F8EC-4982-988E-10E1368A0C5E}"
EndProject
Project("{9A19103F-16F7-4668-BE54-9A1E7A4F7556}") = "TestCassandraConnectionString", "TestCassandraConnectionString\TestCassandraConnectionString.csproj", "{116B49C8-5D34-487D-BC9B-93887997301A}"
EndProject
Project("{9A19103F-16F7-4668-BE54-9A1E7A4F7556}") = "CreateCassandraDBFromSwaggerJson", "CreateCassandraDBFromSwaggerJson\CreateCassandraDBFromSwaggerJson.csproj", "{26173771-9ED4-43E6-8CCE-DB23EB806608}"
EndProject
Project("{FAE04EC0-301F-11D3-BF4B-00C04F79EFBC}") = "CassandraDBFromSwagger", "CassandraDBFromSwagger\CassandraDBFromSwagger.csproj", "{DF43678D-94D7-40E4-8884-6B1473B7BC71}"
EndProject
Project("{FAE04EC0-301F-11D3-BF4B-00C04F79EFBC}") = "CassandraDBCreateCommandsFromSwaggerJson", "CassandraDBCreateCommandsFromSwaggerJson\CassandraDBCreateCommandsFromSwaggerJson.csproj", "{DF853DA5-FC9B-4451-85D7-F4AD953116FB}"
EndProject
Global
	GlobalSection(SolutionConfigurationPlatforms) = preSolution
		Debug|Any CPU = Debug|Any CPU
		Release|Any CPU = Release|Any CPU
	EndGlobalSection
	GlobalSection(ProjectConfigurationPlatforms) = postSolution
		{4B8EE120-8A97-4315-9891-C5DDED4E4926}.Debug|Any CPU.ActiveCfg = Debug|Any CPU
		{4B8EE120-8A97-4315-9891-C5DDED4E4926}.Debug|Any CPU.Build.0 = Debug|Any CPU
		{4B8EE120-8A97-4315-9891-C5DDED4E4926}.Release|Any CPU.ActiveCfg = Release|Any CPU
		{4B8EE120-8A97-4315-9891-C5DDED4E4926}.Release|Any CPU.Build.0 = Release|Any CPU
		{2EE918DF-ACF5-4B42-B2D1-194FE952D541}.Debug|Any CPU.ActiveCfg = Debug|Any CPU
		{2EE918DF-ACF5-4B42-B2D1-194FE952D541}.Debug|Any CPU.Build.0 = Debug|Any CPU
		{2EE918DF-ACF5-4B42-B2D1-194FE952D541}.Release|Any CPU.ActiveCfg = Release|Any CPU
		{2EE918DF-ACF5-4B42-B2D1-194FE952D541}.Release|Any CPU.Build.0 = Release|Any CPU
		{8AD1579F-7076-4134-AC31-12A31B484964}.Debug|Any CPU.ActiveCfg = Debug|Any CPU
		{8AD1579F-7076-4134-AC31-12A31B484964}.Debug|Any CPU.Build.0 = Debug|Any CPU
		{8AD1579F-7076-4134-AC31-12A31B484964}.Release|Any CPU.ActiveCfg = Release|Any CPU
		{8AD1579F-7076-4134-AC31-12A31B484964}.Release|Any CPU.Build.0 = Release|Any CPU
		{9805A2DB-7514-468E-8745-C25CB21716BA}.Debug|Any CPU.ActiveCfg = Debug|Any CPU
		{9805A2DB-7514-468E-8745-C25CB21716BA}.Debug|Any CPU.Build.0 = Debug|Any CPU
		{9805A2DB-7514-468E-8745-C25CB21716BA}.Release|Any CPU.ActiveCfg = Release|Any CPU
		{9805A2DB-7514-468E-8745-C25CB21716BA}.Release|Any CPU.Build.0 = Release|Any CPU
		{331F76F5-9F14-4A25-9E6E-C410E6510199}.Debug|Any CPU.ActiveCfg = Debug|Any CPU
		{331F76F5-9F14-4A25-9E6E-C410E6510199}.Debug|Any CPU.Build.0 = Debug|Any CPU
		{331F76F5-9F14-4A25-9E6E-C410E6510199}.Release|Any CPU.ActiveCfg = Release|Any CPU
		{331F76F5-9F14-4A25-9E6E-C410E6510199}.Release|Any CPU.Build.0 = Release|Any CPU
		{884999B3-7583-4B11-929D-E0A89D672F16}.Debug|Any CPU.ActiveCfg = Debug|Any CPU
		{884999B3-7583-4B11-929D-E0A89D672F16}.Debug|Any CPU.Build.0 = Debug|Any CPU
		{884999B3-7583-4B11-929D-E0A89D672F16}.Release|Any CPU.ActiveCfg = Release|Any CPU
		{884999B3-7583-4B11-929D-E0A89D672F16}.Release|Any CPU.Build.0 = Release|Any CPU
		{E1C1E628-1E1E-45D7-B204-E41DE8962BAA}.Debug|Any CPU.ActiveCfg = Debug|Any CPU
		{E1C1E628-1E1E-45D7-B204-E41DE8962BAA}.Debug|Any CPU.Build.0 = Debug|Any CPU
		{E1C1E628-1E1E-45D7-B204-E41DE8962BAA}.Release|Any CPU.ActiveCfg = Release|Any CPU
		{E1C1E628-1E1E-45D7-B204-E41DE8962BAA}.Release|Any CPU.Build.0 = Release|Any CPU
		{6CAFC0C6-A428-4D30-A9F9-700E829FEA51}.Debug|Any CPU.ActiveCfg = Debug|Any CPU
		{6CAFC0C6-A428-4D30-A9F9-700E829FEA51}.Debug|Any CPU.Build.0 = Debug|Any CPU
		{6CAFC0C6-A428-4D30-A9F9-700E829FEA51}.Release|Any CPU.ActiveCfg = Release|Any CPU
		{6CAFC0C6-A428-4D30-A9F9-700E829FEA51}.Release|Any CPU.Build.0 = Release|Any CPU
		{AC6644CB-F8EC-4982-988E-10E1368A0C5E}.Debug|Any CPU.ActiveCfg = Debug|Any CPU
		{AC6644CB-F8EC-4982-988E-10E1368A0C5E}.Debug|Any CPU.Build.0 = Debug|Any CPU
		{AC6644CB-F8EC-4982-988E-10E1368A0C5E}.Release|Any CPU.ActiveCfg = Release|Any CPU
		{AC6644CB-F8EC-4982-988E-10E1368A0C5E}.Release|Any CPU.Build.0 = Release|Any CPU
		{116B49C8-5D34-487D-BC9B-93887997301A}.Debug|Any CPU.ActiveCfg = Debug|Any CPU
		{116B49C8-5D34-487D-BC9B-93887997301A}.Debug|Any CPU.Build.0 = Debug|Any CPU
		{116B49C8-5D34-487D-BC9B-93887997301A}.Release|Any CPU.ActiveCfg = Release|Any CPU
		{116B49C8-5D34-487D-BC9B-93887997301A}.Release|Any CPU.Build.0 = Release|Any CPU
		{26173771-9ED4-43E6-8CCE-DB23EB806608}.Debug|Any CPU.ActiveCfg = Debug|Any CPU
		{26173771-9ED4-43E6-8CCE-DB23EB806608}.Debug|Any CPU.Build.0 = Debug|Any CPU
		{26173771-9ED4-43E6-8CCE-DB23EB806608}.Release|Any CPU.ActiveCfg = Release|Any CPU
		{26173771-9ED4-43E6-8CCE-DB23EB806608}.Release|Any CPU.Build.0 = Release|Any CPU
		{DF43678D-94D7-40E4-8884-6B1473B7BC71}.Debug|Any CPU.ActiveCfg = Debug|Any CPU
		{DF43678D-94D7-40E4-8884-6B1473B7BC71}.Debug|Any CPU.Build.0 = Debug|Any CPU
		{DF43678D-94D7-40E4-8884-6B1473B7BC71}.Release|Any CPU.ActiveCfg = Release|Any CPU
		{DF43678D-94D7-40E4-8884-6B1473B7BC71}.Release|Any CPU.Build.0 = Release|Any CPU
		{DF853DA5-FC9B-4451-85D7-F4AD953116FB}.Debug|Any CPU.ActiveCfg = Debug|Any CPU
		{DF853DA5-FC9B-4451-85D7-F4AD953116FB}.Debug|Any CPU.Build.0 = Debug|Any CPU
		{DF853DA5-FC9B-4451-85D7-F4AD953116FB}.Release|Any CPU.ActiveCfg = Release|Any CPU
		{DF853DA5-FC9B-4451-85D7-F4AD953116FB}.Release|Any CPU.Build.0 = Release|Any CPU
	EndGlobalSection
	GlobalSection(SolutionProperties) = preSolution
		HideSolutionNode = FALSE
	EndGlobalSection
	GlobalSection(ExtensibilityGlobals) = postSolution
		SolutionGuid = {F1D9D6B4-6C96-4FBB-B1F5-2634B381FF95}
	EndGlobalSection
EndGlobal
